
Microsoft Visual Studio Solution File, Format Version 12.00
# Visual Studio 15
VisualStudioVersion = 15.0.26730.12
MinimumVisualStudioVersion = 10.0.40219.1
Project("{FAE04EC0-301F-11D3-BF4B-00C04F79EFBC}") = "ALL_LABS", "ALL_LABS\ALL_LABS.csproj", "{132D49DB-09AD-43C8-B863-2B2B70564ED3}"
EndProject
Global
	GlobalSection(SolutionConfigurationPlatforms) = preSolution
		Debug|Any CPU = Debug|Any CPU
		Release|Any CPU = Release|Any CPU
	EndGlobalSection
	GlobalSection(ProjectConfigurationPlatforms) = postSolution
		{132D49DB-09AD-43C8-B863-2B2B70564ED3}.Debug|Any CPU.ActiveCfg = Debug|Any CPU
		{132D49DB-09AD-43C8-B863-2B2B70564ED3}.Debug|Any CPU.Build.0 = Debug|Any CPU
		{132D49DB-09AD-43C8-B863-2B2B70564ED3}.Release|Any CPU.ActiveCfg = Release|Any CPU
		{132D49DB-09AD-43C8-B863-2B2B70564ED3}.Release|Any CPU.Build.0 = Release|Any CPU
	EndGlobalSection
	GlobalSection(SolutionProperties) = preSolution
		HideSolutionNode = FALSE
	EndGlobalSection
	GlobalSection(ExtensibilityGlobals) = postSolution
		SolutionGuid = {43485B68-DAC7-4FDC-A82D-A4B273C8AB2E}
	EndGlobalSection
EndGlobal
